// !$*UTF8*$!
{
	archiveVersion = 1;
	classes = {
	};
	objectVersion = 48;
	objects = {

/* Begin PBXBuildFile section */
		BF382C8121A423070029E7E0 /* UIDevice+JER_Custom.m in Sources */ = {isa = PBXBuildFile; fileRef = BF382C6921A422FB0029E7E0 /* UIDevice+JER_Custom.m */; };
		BF382C8221A423070029E7E0 /* JERCGUtilities.m in Sources */ = {isa = PBXBuildFile; fileRef = BF382C6B21A422FB0029E7E0 /* JERCGUtilities.m */; };
		BF382C8321A423070029E7E0 /* UIBarButtonItem+JER_Custom.m in Sources */ = {isa = PBXBuildFile; fileRef = BF382C6C21A422FB0029E7E0 /* UIBarButtonItem+JER_Custom.m */; };
		BF382C8421A423070029E7E0 /* UIControl+JER_Custom.m in Sources */ = {isa = PBXBuildFile; fileRef = BF382C6D21A422FB0029E7E0 /* UIControl+JER_Custom.m */; };
		BF382C8521A423070029E7E0 /* UITableView+JER_Custom.m in Sources */ = {isa = PBXBuildFile; fileRef = BF382C7021A422FC0029E7E0 /* UITableView+JER_Custom.m */; };
		BF382C8621A423070029E7E0 /* UIView+JER_Custom.m in Sources */ = {isa = PBXBuildFile; fileRef = BF382C7221A422FC0029E7E0 /* UIView+JER_Custom.m */; };
		BF382C8721A423070029E7E0 /* UITextField+JER_Custom.m in Sources */ = {isa = PBXBuildFile; fileRef = BF382C7321A422FC0029E7E0 /* UITextField+JER_Custom.m */; };
		BF382C8821A423070029E7E0 /* UIGestureRecognizer+JER_Custom.m in Sources */ = {isa = PBXBuildFile; fileRef = BF382C7421A422FD0029E7E0 /* UIGestureRecognizer+JER_Custom.m */; };
		BF382C8921A423070029E7E0 /* UIImage+JER_Custom.m in Sources */ = {isa = PBXBuildFile; fileRef = BF382C7521A422FD0029E7E0 /* UIImage+JER_Custom.m */; };
		BF382C8A21A423070029E7E0 /* UIFont+JER_Custom.m in Sources */ = {isa = PBXBuildFile; fileRef = BF382C7721A422FD0029E7E0 /* UIFont+JER_Custom.m */; };
		BF382C8B21A423070029E7E0 /* UIScreen+JER_Custom.m in Sources */ = {isa = PBXBuildFile; fileRef = BF382C7A21A422FF0029E7E0 /* UIScreen+JER_Custom.m */; };
		BF382C8C21A423070029E7E0 /* UIScrollView+JER_Custom.m in Sources */ = {isa = PBXBuildFile; fileRef = BF382C8021A423040029E7E0 /* UIScrollView+JER_Custom.m */; };
		BF382C8F21A433220029E7E0 /* UIApplication+JER_Custom.m in Sources */ = {isa = PBXBuildFile; fileRef = BF382C8E21A433220029E7E0 /* UIApplication+JER_Custom.m */; };
		BF382C9221A433360029E7E0 /* UIBezierPath+JER_Custom.m in Sources */ = {isa = PBXBuildFile; fileRef = BF382C9121A433360029E7E0 /* UIBezierPath+JER_Custom.m */; };
		BF382C9621A436880029E7E0 /* NSFileManager+MRD_Custom.m in Sources */ = {isa = PBXBuildFile; fileRef = BF382C9521A436880029E7E0 /* NSFileManager+MRD_Custom.m */; };
		BF382C9E21A54D030029E7E0 /* NSObject+JERModel.m in Sources */ = {isa = PBXBuildFile; fileRef = BF382C9D21A54D030029E7E0 /* NSObject+JERModel.m */; };
		BF382CA121A557A80029E7E0 /* NSArray+JER_Custom.m in Sources */ = {isa = PBXBuildFile; fileRef = BF382CA021A557A80029E7E0 /* NSArray+JER_Custom.m */; };
		BF382CA421A562100029E7E0 /* NSDictionary+JER_Custom.m in Sources */ = {isa = PBXBuildFile; fileRef = BF382CA321A562100029E7E0 /* NSDictionary+JER_Custom.m */; };
		BF382CA721A57ACD0029E7E0 /* NSDate+JER_Custom.m in Sources */ = {isa = PBXBuildFile; fileRef = BF382CA621A57ACD0029E7E0 /* NSDate+JER_Custom.m */; };
		BF382CAA21A58F7A0029E7E0 /* NSNotificationCenter+JER_Custom.m in Sources */ = {isa = PBXBuildFile; fileRef = BF382CA921A58F7A0029E7E0 /* NSNotificationCenter+JER_Custom.m */; };
		BF382CAD21A65EA00029E7E0 /* TestObject.m in Sources */ = {isa = PBXBuildFile; fileRef = BF382CAC21A65EA00029E7E0 /* TestObject.m */; };
		BF382CB021A6A3190029E7E0 /* NSThread+JER_Custom.m in Sources */ = {isa = PBXBuildFile; fileRef = BF382CAF21A6A3190029E7E0 /* NSThread+JER_Custom.m */; settings = {COMPILER_FLAGS = "-fno-objc-arc"; }; };
		BF382CB321A6D2190029E7E0 /* JERClassInfo.m in Sources */ = {isa = PBXBuildFile; fileRef = BF382CB221A6D2190029E7E0 /* JERClassInfo.m */; };
		BFB14D7C21BF526B007B211D /* JERKVStorage.m in Sources */ = {isa = PBXBuildFile; fileRef = BFB14D7B21BF526B007B211D /* JERKVStorage.m */; };
		BFB14D7F21BF52A6007B211D /* JERDiskCache.m in Sources */ = {isa = PBXBuildFile; fileRef = BFB14D7E21BF52A6007B211D /* JERDiskCache.m */; };
		BFB14D8221BF52B7007B211D /* JERMemoryCache.m in Sources */ = {isa = PBXBuildFile; fileRef = BFB14D8121BF52B7007B211D /* JERMemoryCache.m */; };
		BFB14D8521BF52C1007B211D /* JERCache.m in Sources */ = {isa = PBXBuildFile; fileRef = BFB14D8421BF52C1007B211D /* JERCache.m */; };
		BFE915181FE673AF00640930 /* AppDelegate.m in Sources */ = {isa = PBXBuildFile; fileRef = BFE915171FE673AF00640930 /* AppDelegate.m */; };
		BFE9151B1FE673AF00640930 /* ViewController.m in Sources */ = {isa = PBXBuildFile; fileRef = BFE9151A1FE673AF00640930 /* ViewController.m */; };
		BFE9151E1FE673AF00640930 /* Main.storyboard in Resources */ = {isa = PBXBuildFile; fileRef = BFE9151C1FE673AF00640930 /* Main.storyboard */; };
		BFE915201FE673AF00640930 /* Assets.xcassets in Resources */ = {isa = PBXBuildFile; fileRef = BFE9151F1FE673AF00640930 /* Assets.xcassets */; };
		BFE915231FE673AF00640930 /* LaunchScreen.storyboard in Resources */ = {isa = PBXBuildFile; fileRef = BFE915211FE673AF00640930 /* LaunchScreen.storyboard */; };
		BFE915261FE673AF00640930 /* main.m in Sources */ = {isa = PBXBuildFile; fileRef = BFE915251FE673AF00640930 /* main.m */; };
		BFE9152E1FE673CB00640930 /* UIView+JER_Frame.m in Sources */ = {isa = PBXBuildFile; fileRef = BFE9152C1FE673CB00640930 /* UIView+JER_Frame.m */; };
		BFE915361FE6771400640930 /* JERFrameTests.m in Sources */ = {isa = PBXBuildFile; fileRef = BFE915351FE6771400640930 /* JERFrameTests.m */; };
/* End PBXBuildFile section */

/* Begin PBXContainerItemProxy section */
		BFE915381FE6771400640930 /* PBXContainerItemProxy */ = {
			isa = PBXContainerItemProxy;
			containerPortal = BFE9150B1FE673AE00640930 /* Project object */;
			proxyType = 1;
			remoteGlobalIDString = BFE915121FE673AF00640930;
			remoteInfo = JERFrame;
		};
/* End PBXContainerItemProxy section */

/* Begin PBXFileReference section */
		BF382C6921A422FB0029E7E0 /* UIDevice+JER_Custom.m */ = {isa = PBXFileReference; fileEncoding = 4; lastKnownFileType = sourcecode.c.objc; path = "UIDevice+JER_Custom.m"; sourceTree = "<group>"; };
		BF382C6A21A422FB0029E7E0 /* UIBarButtonItem+JER_Custom.h */ = {isa = PBXFileReference; fileEncoding = 4; lastKnownFileType = sourcecode.c.h; path = "UIBarButtonItem+JER_Custom.h"; sourceTree = "<group>"; };
		BF382C6B21A422FB0029E7E0 /* JERCGUtilities.m */ = {isa = PBXFileReference; fileEncoding = 4; lastKnownFileType = sourcecode.c.objc; path = JERCGUtilities.m; sourceTree = "<group>"; };
		BF382C6C21A422FB0029E7E0 /* UIBarButtonItem+JER_Custom.m */ = {isa = PBXFileReference; fileEncoding = 4; lastKnownFileType = sourcecode.c.objc; path = "UIBarButtonItem+JER_Custom.m"; sourceTree = "<group>"; };
		BF382C6D21A422FB0029E7E0 /* UIControl+JER_Custom.m */ = {isa = PBXFileReference; fileEncoding = 4; lastKnownFileType = sourcecode.c.objc; path = "UIControl+JER_Custom.m"; sourceTree = "<group>"; };
		BF382C6E21A422FC0029E7E0 /* JERCGUtilities.h */ = {isa = PBXFileReference; fileEncoding = 4; lastKnownFileType = sourcecode.c.h; path = JERCGUtilities.h; sourceTree = "<group>"; };
		BF382C6F21A422FC0029E7E0 /* UIScreen+JER_Custom.h */ = {isa = PBXFileReference; fileEncoding = 4; lastKnownFileType = sourcecode.c.h; path = "UIScreen+JER_Custom.h"; sourceTree = "<group>"; };
		BF382C7021A422FC0029E7E0 /* UITableView+JER_Custom.m */ = {isa = PBXFileReference; fileEncoding = 4; lastKnownFileType = sourcecode.c.objc; path = "UITableView+JER_Custom.m"; sourceTree = "<group>"; };
		BF382C7121A422FC0029E7E0 /* UIView+JER_Custom.h */ = {isa = PBXFileReference; fileEncoding = 4; lastKnownFileType = sourcecode.c.h; path = "UIView+JER_Custom.h"; sourceTree = "<group>"; };
		BF382C7221A422FC0029E7E0 /* UIView+JER_Custom.m */ = {isa = PBXFileReference; fileEncoding = 4; lastKnownFileType = sourcecode.c.objc; path = "UIView+JER_Custom.m"; sourceTree = "<group>"; };
		BF382C7321A422FC0029E7E0 /* UITextField+JER_Custom.m */ = {isa = PBXFileReference; fileEncoding = 4; lastKnownFileType = sourcecode.c.objc; path = "UITextField+JER_Custom.m"; sourceTree = "<group>"; };
		BF382C7421A422FD0029E7E0 /* UIGestureRecognizer+JER_Custom.m */ = {isa = PBXFileReference; fileEncoding = 4; lastKnownFileType = sourcecode.c.objc; path = "UIGestureRecognizer+JER_Custom.m"; sourceTree = "<group>"; };
		BF382C7521A422FD0029E7E0 /* UIImage+JER_Custom.m */ = {isa = PBXFileReference; fileEncoding = 4; lastKnownFileType = sourcecode.c.objc; path = "UIImage+JER_Custom.m"; sourceTree = "<group>"; };
		BF382C7621A422FD0029E7E0 /* UITextField+JER_Custom.h */ = {isa = PBXFileReference; fileEncoding = 4; lastKnownFileType = sourcecode.c.h; path = "UITextField+JER_Custom.h"; sourceTree = "<group>"; };
		BF382C7721A422FD0029E7E0 /* UIFont+JER_Custom.m */ = {isa = PBXFileReference; fileEncoding = 4; lastKnownFileType = sourcecode.c.objc; path = "UIFont+JER_Custom.m"; sourceTree = "<group>"; };
		BF382C7821A422FD0029E7E0 /* UIFont+JER_Custom.h */ = {isa = PBXFileReference; fileEncoding = 4; lastKnownFileType = sourcecode.c.h; path = "UIFont+JER_Custom.h"; sourceTree = "<group>"; };
		BF382C7921A422FE0029E7E0 /* UIGestureRecognizer+JER_Custom.h */ = {isa = PBXFileReference; fileEncoding = 4; lastKnownFileType = sourcecode.c.h; path = "UIGestureRecognizer+JER_Custom.h"; sourceTree = "<group>"; };
		BF382C7A21A422FF0029E7E0 /* UIScreen+JER_Custom.m */ = {isa = PBXFileReference; fileEncoding = 4; lastKnownFileType = sourcecode.c.objc; path = "UIScreen+JER_Custom.m"; sourceTree = "<group>"; };
		BF382C7B21A423000029E7E0 /* UITableView+JER_Custom.h */ = {isa = PBXFileReference; fileEncoding = 4; lastKnownFileType = sourcecode.c.h; path = "UITableView+JER_Custom.h"; sourceTree = "<group>"; };
		BF382C7C21A423010029E7E0 /* UIControl+JER_Custom.h */ = {isa = PBXFileReference; fileEncoding = 4; lastKnownFileType = sourcecode.c.h; path = "UIControl+JER_Custom.h"; sourceTree = "<group>"; };
		BF382C7D21A423020029E7E0 /* UIDevice+JER_Custom.h */ = {isa = PBXFileReference; fileEncoding = 4; lastKnownFileType = sourcecode.c.h; path = "UIDevice+JER_Custom.h"; sourceTree = "<group>"; };
		BF382C7E21A423030029E7E0 /* UIImage+JER_Custom.h */ = {isa = PBXFileReference; fileEncoding = 4; lastKnownFileType = sourcecode.c.h; path = "UIImage+JER_Custom.h"; sourceTree = "<group>"; };
		BF382C7F21A423030029E7E0 /* UIScrollView+JER_Custom.h */ = {isa = PBXFileReference; fileEncoding = 4; lastKnownFileType = sourcecode.c.h; path = "UIScrollView+JER_Custom.h"; sourceTree = "<group>"; };
		BF382C8021A423040029E7E0 /* UIScrollView+JER_Custom.m */ = {isa = PBXFileReference; fileEncoding = 4; lastKnownFileType = sourcecode.c.objc; path = "UIScrollView+JER_Custom.m"; sourceTree = "<group>"; };
		BF382C8D21A433220029E7E0 /* UIApplication+JER_Custom.h */ = {isa = PBXFileReference; lastKnownFileType = sourcecode.c.h; path = "UIApplication+JER_Custom.h"; sourceTree = "<group>"; };
		BF382C8E21A433220029E7E0 /* UIApplication+JER_Custom.m */ = {isa = PBXFileReference; lastKnownFileType = sourcecode.c.objc; path = "UIApplication+JER_Custom.m"; sourceTree = "<group>"; };
		BF382C9021A433360029E7E0 /* UIBezierPath+JER_Custom.h */ = {isa = PBXFileReference; lastKnownFileType = sourcecode.c.h; path = "UIBezierPath+JER_Custom.h"; sourceTree = "<group>"; };
		BF382C9121A433360029E7E0 /* UIBezierPath+JER_Custom.m */ = {isa = PBXFileReference; lastKnownFileType = sourcecode.c.objc; path = "UIBezierPath+JER_Custom.m"; sourceTree = "<group>"; };
		BF382C9421A436880029E7E0 /* NSFileManager+MRD_Custom.h */ = {isa = PBXFileReference; lastKnownFileType = sourcecode.c.h; path = "NSFileManager+MRD_Custom.h"; sourceTree = "<group>"; };
		BF382C9521A436880029E7E0 /* NSFileManager+MRD_Custom.m */ = {isa = PBXFileReference; lastKnownFileType = sourcecode.c.objc; path = "NSFileManager+MRD_Custom.m"; sourceTree = "<group>"; };
		BF382C9C21A54D030029E7E0 /* NSObject+JERModel.h */ = {isa = PBXFileReference; lastKnownFileType = sourcecode.c.h; path = "NSObject+JERModel.h"; sourceTree = "<group>"; };
		BF382C9D21A54D030029E7E0 /* NSObject+JERModel.m */ = {isa = PBXFileReference; lastKnownFileType = sourcecode.c.objc; path = "NSObject+JERModel.m"; sourceTree = "<group>"; };
		BF382C9F21A557A80029E7E0 /* NSArray+JER_Custom.h */ = {isa = PBXFileReference; lastKnownFileType = sourcecode.c.h; path = "NSArray+JER_Custom.h"; sourceTree = "<group>"; };
		BF382CA021A557A80029E7E0 /* NSArray+JER_Custom.m */ = {isa = PBXFileReference; lastKnownFileType = sourcecode.c.objc; path = "NSArray+JER_Custom.m"; sourceTree = "<group>"; };
		BF382CA221A562100029E7E0 /* NSDictionary+JER_Custom.h */ = {isa = PBXFileReference; lastKnownFileType = sourcecode.c.h; path = "NSDictionary+JER_Custom.h"; sourceTree = "<group>"; };
		BF382CA321A562100029E7E0 /* NSDictionary+JER_Custom.m */ = {isa = PBXFileReference; lastKnownFileType = sourcecode.c.objc; path = "NSDictionary+JER_Custom.m"; sourceTree = "<group>"; };
		BF382CA521A57ACD0029E7E0 /* NSDate+JER_Custom.h */ = {isa = PBXFileReference; lastKnownFileType = sourcecode.c.h; path = "NSDate+JER_Custom.h"; sourceTree = "<group>"; };
		BF382CA621A57ACD0029E7E0 /* NSDate+JER_Custom.m */ = {isa = PBXFileReference; lastKnownFileType = sourcecode.c.objc; path = "NSDate+JER_Custom.m"; sourceTree = "<group>"; };
		BF382CA821A58F7A0029E7E0 /* NSNotificationCenter+JER_Custom.h */ = {isa = PBXFileReference; lastKnownFileType = sourcecode.c.h; path = "NSNotificationCenter+JER_Custom.h"; sourceTree = "<group>"; };
		BF382CA921A58F7A0029E7E0 /* NSNotificationCenter+JER_Custom.m */ = {isa = PBXFileReference; lastKnownFileType = sourcecode.c.objc; path = "NSNotificationCenter+JER_Custom.m"; sourceTree = "<group>"; };
		BF382CAB21A65EA00029E7E0 /* TestObject.h */ = {isa = PBXFileReference; lastKnownFileType = sourcecode.c.h; path = TestObject.h; sourceTree = "<group>"; };
		BF382CAC21A65EA00029E7E0 /* TestObject.m */ = {isa = PBXFileReference; lastKnownFileType = sourcecode.c.objc; path = TestObject.m; sourceTree = "<group>"; };
		BF382CAE21A6A3190029E7E0 /* NSThread+JER_Custom.h */ = {isa = PBXFileReference; lastKnownFileType = sourcecode.c.h; path = "NSThread+JER_Custom.h"; sourceTree = "<group>"; };
		BF382CAF21A6A3190029E7E0 /* NSThread+JER_Custom.m */ = {isa = PBXFileReference; lastKnownFileType = sourcecode.c.objc; path = "NSThread+JER_Custom.m"; sourceTree = "<group>"; };
		BF382CB121A6D2190029E7E0 /* JERClassInfo.h */ = {isa = PBXFileReference; lastKnownFileType = sourcecode.c.h; path = JERClassInfo.h; sourceTree = "<group>"; };
		BF382CB221A6D2190029E7E0 /* JERClassInfo.m */ = {isa = PBXFileReference; lastKnownFileType = sourcecode.c.objc; path = JERClassInfo.m; sourceTree = "<group>"; };
		BF42ABFB21B0E0FD004852B7 /* Example.h */ = {isa = PBXFileReference; lastKnownFileType = sourcecode.c.h; path = Example.h; sourceTree = "<group>"; };
		BFB14D7A21BF526B007B211D /* JERKVStorage.h */ = {isa = PBXFileReference; lastKnownFileType = sourcecode.c.h; path = JERKVStorage.h; sourceTree = "<group>"; };
		BFB14D7B21BF526B007B211D /* JERKVStorage.m */ = {isa = PBXFileReference; lastKnownFileType = sourcecode.c.objc; path = JERKVStorage.m; sourceTree = "<group>"; };
		BFB14D7D21BF52A6007B211D /* JERDiskCache.h */ = {isa = PBXFileReference; lastKnownFileType = sourcecode.c.h; path = JERDiskCache.h; sourceTree = "<group>"; };
		BFB14D7E21BF52A6007B211D /* JERDiskCache.m */ = {isa = PBXFileReference; lastKnownFileType = sourcecode.c.objc; path = JERDiskCache.m; sourceTree = "<group>"; };
		BFB14D8021BF52B7007B211D /* JERMemoryCache.h */ = {isa = PBXFileReference; lastKnownFileType = sourcecode.c.h; path = JERMemoryCache.h; sourceTree = "<group>"; };
		BFB14D8121BF52B7007B211D /* JERMemoryCache.m */ = {isa = PBXFileReference; lastKnownFileType = sourcecode.c.objc; path = JERMemoryCache.m; sourceTree = "<group>"; };
		BFB14D8321BF52C1007B211D /* JERCache.h */ = {isa = PBXFileReference; lastKnownFileType = sourcecode.c.h; path = JERCache.h; sourceTree = "<group>"; };
		BFB14D8421BF52C1007B211D /* JERCache.m */ = {isa = PBXFileReference; lastKnownFileType = sourcecode.c.objc; path = JERCache.m; sourceTree = "<group>"; };
		BFE915131FE673AF00640930 /* JERFrame.app */ = {isa = PBXFileReference; explicitFileType = wrapper.application; includeInIndex = 0; path = JERFrame.app; sourceTree = BUILT_PRODUCTS_DIR; };
		BFE915161FE673AF00640930 /* AppDelegate.h */ = {isa = PBXFileReference; lastKnownFileType = sourcecode.c.h; path = AppDelegate.h; sourceTree = "<group>"; };
		BFE915171FE673AF00640930 /* AppDelegate.m */ = {isa = PBXFileReference; lastKnownFileType = sourcecode.c.objc; path = AppDelegate.m; sourceTree = "<group>"; };
		BFE915191FE673AF00640930 /* ViewController.h */ = {isa = PBXFileReference; lastKnownFileType = sourcecode.c.h; path = ViewController.h; sourceTree = "<group>"; };
		BFE9151A1FE673AF00640930 /* ViewController.m */ = {isa = PBXFileReference; lastKnownFileType = sourcecode.c.objc; path = ViewController.m; sourceTree = "<group>"; };
		BFE9151D1FE673AF00640930 /* Base */ = {isa = PBXFileReference; lastKnownFileType = file.storyboard; name = Base; path = Base.lproj/Main.storyboard; sourceTree = "<group>"; };
		BFE9151F1FE673AF00640930 /* Assets.xcassets */ = {isa = PBXFileReference; lastKnownFileType = folder.assetcatalog; path = Assets.xcassets; sourceTree = "<group>"; };
		BFE915221FE673AF00640930 /* Base */ = {isa = PBXFileReference; lastKnownFileType = file.storyboard; name = Base; path = Base.lproj/LaunchScreen.storyboard; sourceTree = "<group>"; };
		BFE915241FE673AF00640930 /* Info.plist */ = {isa = PBXFileReference; lastKnownFileType = text.plist.xml; path = Info.plist; sourceTree = "<group>"; };
		BFE915251FE673AF00640930 /* main.m */ = {isa = PBXFileReference; lastKnownFileType = sourcecode.c.objc; path = main.m; sourceTree = "<group>"; };
		BFE9152C1FE673CB00640930 /* UIView+JER_Frame.m */ = {isa = PBXFileReference; fileEncoding = 4; lastKnownFileType = sourcecode.c.objc; path = "UIView+JER_Frame.m"; sourceTree = "<group>"; };
		BFE9152D1FE673CB00640930 /* UIView+JER_Frame.h */ = {isa = PBXFileReference; fileEncoding = 4; lastKnownFileType = sourcecode.c.h; path = "UIView+JER_Frame.h"; sourceTree = "<group>"; };
		BFE915331FE6771400640930 /* JERFrameTests.xctest */ = {isa = PBXFileReference; explicitFileType = wrapper.cfbundle; includeInIndex = 0; path = JERFrameTests.xctest; sourceTree = BUILT_PRODUCTS_DIR; };
		BFE915351FE6771400640930 /* JERFrameTests.m */ = {isa = PBXFileReference; lastKnownFileType = sourcecode.c.objc; path = JERFrameTests.m; sourceTree = "<group>"; };
		BFE915371FE6771400640930 /* Info.plist */ = {isa = PBXFileReference; lastKnownFileType = text.plist.xml; path = Info.plist; sourceTree = "<group>"; };
/* End PBXFileReference section */

/* Begin PBXFrameworksBuildPhase section */
		BFE915101FE673AF00640930 /* Frameworks */ = {
			isa = PBXFrameworksBuildPhase;
			buildActionMask = 2147483647;
			files = (
			);
			runOnlyForDeploymentPostprocessing = 0;
		};
		BFE915301FE6771400640930 /* Frameworks */ = {
			isa = PBXFrameworksBuildPhase;
			buildActionMask = 2147483647;
			files = (
			);
			runOnlyForDeploymentPostprocessing = 0;
		};
/* End PBXFrameworksBuildPhase section */

/* Begin PBXGroup section */
		BF382C9321A436750029E7E0 /* Foundation */ = {
			isa = PBXGroup;
			children = (
				BF382C9421A436880029E7E0 /* NSFileManager+MRD_Custom.h */,
				BF382C9521A436880029E7E0 /* NSFileManager+MRD_Custom.m */,
				BF382C9F21A557A80029E7E0 /* NSArray+JER_Custom.h */,
				BF382CA021A557A80029E7E0 /* NSArray+JER_Custom.m */,
				BF382CA221A562100029E7E0 /* NSDictionary+JER_Custom.h */,
				BF382CA321A562100029E7E0 /* NSDictionary+JER_Custom.m */,
				BF382CA521A57ACD0029E7E0 /* NSDate+JER_Custom.h */,
				BF382CA621A57ACD0029E7E0 /* NSDate+JER_Custom.m */,
				BF382CA821A58F7A0029E7E0 /* NSNotificationCenter+JER_Custom.h */,
				BF382CA921A58F7A0029E7E0 /* NSNotificationCenter+JER_Custom.m */,
				BF382CAE21A6A3190029E7E0 /* NSThread+JER_Custom.h */,
				BF382CAF21A6A3190029E7E0 /* NSThread+JER_Custom.m */,
			);
			path = Foundation;
			sourceTree = "<group>";
		};
		BF382C9721A4F1AA0029E7E0 /* UIKit */ = {
			isa = PBXGroup;
			children = (
				BFE9152D1FE673CB00640930 /* UIView+JER_Frame.h */,
				BFE9152C1FE673CB00640930 /* UIView+JER_Frame.m */,
				BF382C6E21A422FC0029E7E0 /* JERCGUtilities.h */,
				BF382C6B21A422FB0029E7E0 /* JERCGUtilities.m */,
				BF382C6A21A422FB0029E7E0 /* UIBarButtonItem+JER_Custom.h */,
				BF382C6C21A422FB0029E7E0 /* UIBarButtonItem+JER_Custom.m */,
				BF382C7C21A423010029E7E0 /* UIControl+JER_Custom.h */,
				BF382C6D21A422FB0029E7E0 /* UIControl+JER_Custom.m */,
				BF382C7D21A423020029E7E0 /* UIDevice+JER_Custom.h */,
				BF382C6921A422FB0029E7E0 /* UIDevice+JER_Custom.m */,
				BF382C7821A422FD0029E7E0 /* UIFont+JER_Custom.h */,
				BF382C7721A422FD0029E7E0 /* UIFont+JER_Custom.m */,
				BF382C7921A422FE0029E7E0 /* UIGestureRecognizer+JER_Custom.h */,
				BF382C7421A422FD0029E7E0 /* UIGestureRecognizer+JER_Custom.m */,
				BF382C7E21A423030029E7E0 /* UIImage+JER_Custom.h */,
				BF382C7521A422FD0029E7E0 /* UIImage+JER_Custom.m */,
				BF382C6F21A422FC0029E7E0 /* UIScreen+JER_Custom.h */,
				BF382C7A21A422FF0029E7E0 /* UIScreen+JER_Custom.m */,
				BF382C7F21A423030029E7E0 /* UIScrollView+JER_Custom.h */,
				BF382C8021A423040029E7E0 /* UIScrollView+JER_Custom.m */,
				BF382C7B21A423000029E7E0 /* UITableView+JER_Custom.h */,
				BF382C7021A422FC0029E7E0 /* UITableView+JER_Custom.m */,
				BF382C7621A422FD0029E7E0 /* UITextField+JER_Custom.h */,
				BF382C7321A422FC0029E7E0 /* UITextField+JER_Custom.m */,
				BF382C7121A422FC0029E7E0 /* UIView+JER_Custom.h */,
				BF382C7221A422FC0029E7E0 /* UIView+JER_Custom.m */,
				BF382C8D21A433220029E7E0 /* UIApplication+JER_Custom.h */,
				BF382C8E21A433220029E7E0 /* UIApplication+JER_Custom.m */,
				BF382C9021A433360029E7E0 /* UIBezierPath+JER_Custom.h */,
				BF382C9121A433360029E7E0 /* UIBezierPath+JER_Custom.m */,
			);
			path = UIKit;
			sourceTree = "<group>";
		};
		BF382C9821A54C920029E7E0 /* JERModel */ = {
			isa = PBXGroup;
			children = (
				BF382C9C21A54D030029E7E0 /* NSObject+JERModel.h */,
				BF382C9D21A54D030029E7E0 /* NSObject+JERModel.m */,
				BF382CB121A6D2190029E7E0 /* JERClassInfo.h */,
				BF382CB221A6D2190029E7E0 /* JERClassInfo.m */,
				BF42ABFB21B0E0FD004852B7 /* Example.h */,
			);
			path = JERModel;
			sourceTree = "<group>";
		};
		BFB14D7921BF5253007B211D /* JERCache */ = {
			isa = PBXGroup;
			children = (
				BFB14D7A21BF526B007B211D /* JERKVStorage.h */,
				BFB14D7B21BF526B007B211D /* JERKVStorage.m */,
				BFB14D7D21BF52A6007B211D /* JERDiskCache.h */,
				BFB14D7E21BF52A6007B211D /* JERDiskCache.m */,
				BFB14D8021BF52B7007B211D /* JERMemoryCache.h */,
				BFB14D8121BF52B7007B211D /* JERMemoryCache.m */,
				BFB14D8321BF52C1007B211D /* JERCache.h */,
				BFB14D8421BF52C1007B211D /* JERCache.m */,
			);
			path = JERCache;
			sourceTree = "<group>";
		};
		BFE9150A1FE673AE00640930 = {
			isa = PBXGroup;
			children = (
				BFE915151FE673AF00640930 /* JERFrame */,
				BFE915341FE6771400640930 /* JERFrameTests */,
				BFE915141FE673AF00640930 /* Products */,
			);
			sourceTree = "<group>";
		};
		BFE915141FE673AF00640930 /* Products */ = {
			isa = PBXGroup;
			children = (
				BFE915131FE673AF00640930 /* JERFrame.app */,
				BFE915331FE6771400640930 /* JERFrameTests.xctest */,
			);
			name = Products;
			sourceTree = "<group>";
		};
		BFE915151FE673AF00640930 /* JERFrame */ = {
			isa = PBXGroup;
			children = (
				BFB14D7921BF5253007B211D /* JERCache */,
				BF382C9821A54C920029E7E0 /* JERModel */,
				BF382C9721A4F1AA0029E7E0 /* UIKit */,
				BF382C9321A436750029E7E0 /* Foundation */,
				BFE915161FE673AF00640930 /* AppDelegate.h */,
				BFE915171FE673AF00640930 /* AppDelegate.m */,
				BFE915191FE673AF00640930 /* ViewController.h */,
				BFE9151A1FE673AF00640930 /* ViewController.m */,
				BF382CAB21A65EA00029E7E0 /* TestObject.h */,
				BF382CAC21A65EA00029E7E0 /* TestObject.m */,
				BFE9151C1FE673AF00640930 /* Main.storyboard */,
				BFE9151F1FE673AF00640930 /* Assets.xcassets */,
				BFE915211FE673AF00640930 /* LaunchScreen.storyboard */,
				BFE915241FE673AF00640930 /* Info.plist */,
				BFE915251FE673AF00640930 /* main.m */,
			);
			path = JERFrame;
			sourceTree = "<group>";
		};
		BFE915341FE6771400640930 /* JERFrameTests */ = {
			isa = PBXGroup;
			children = (
				BFE915351FE6771400640930 /* JERFrameTests.m */,
				BFE915371FE6771400640930 /* Info.plist */,
			);
			path = JERFrameTests;
			sourceTree = "<group>";
		};
/* End PBXGroup section */

/* Begin PBXNativeTarget section */
		BFE915121FE673AF00640930 /* JERFrame */ = {
			isa = PBXNativeTarget;
			buildConfigurationList = BFE915291FE673AF00640930 /* Build configuration list for PBXNativeTarget "JERFrame" */;
			buildPhases = (
				BFE9150F1FE673AF00640930 /* Sources */,
				BFE915101FE673AF00640930 /* Frameworks */,
				BFE915111FE673AF00640930 /* Resources */,
			);
			buildRules = (
			);
			dependencies = (
			);
			name = JERFrame;
			productName = JERFrame;
			productReference = BFE915131FE673AF00640930 /* JERFrame.app */;
			productType = "com.apple.product-type.application";
		};
		BFE915321FE6771400640930 /* JERFrameTests */ = {
			isa = PBXNativeTarget;
			buildConfigurationList = BFE9153A1FE6771400640930 /* Build configuration list for PBXNativeTarget "JERFrameTests" */;
			buildPhases = (
				BFE9152F1FE6771400640930 /* Sources */,
				BFE915301FE6771400640930 /* Frameworks */,
				BFE915311FE6771400640930 /* Resources */,
			);
			buildRules = (
			);
			dependencies = (
				BFE915391FE6771400640930 /* PBXTargetDependency */,
			);
			name = JERFrameTests;
			productName = JERFrameTests;
			productReference = BFE915331FE6771400640930 /* JERFrameTests.xctest */;
			productType = "com.apple.product-type.bundle.unit-test";
		};
/* End PBXNativeTarget section */

/* Begin PBXProject section */
		BFE9150B1FE673AE00640930 /* Project object */ = {
			isa = PBXProject;
			attributes = {
				LastUpgradeCheck = 0920;
				ORGANIZATIONNAME = Jeremy;
				TargetAttributes = {
					BFE915121FE673AF00640930 = {
						CreatedOnToolsVersion = 9.2;
						ProvisioningStyle = Automatic;
					};
					BFE915321FE6771400640930 = {
						CreatedOnToolsVersion = 9.2;
						ProvisioningStyle = Automatic;
						TestTargetID = BFE915121FE673AF00640930;
					};
				};
			};
			buildConfigurationList = BFE9150E1FE673AE00640930 /* Build configuration list for PBXProject "JERFrame" */;
			compatibilityVersion = "Xcode 8.0";
			developmentRegion = en;
			hasScannedForEncodings = 0;
			knownRegions = (
				en,
				Base,
			);
			mainGroup = BFE9150A1FE673AE00640930;
			productRefGroup = BFE915141FE673AF00640930 /* Products */;
			projectDirPath = "";
			projectRoot = "";
			targets = (
				BFE915121FE673AF00640930 /* JERFrame */,
				BFE915321FE6771400640930 /* JERFrameTests */,
			);
		};
/* End PBXProject section */

/* Begin PBXResourcesBuildPhase section */
		BFE915111FE673AF00640930 /* Resources */ = {
			isa = PBXResourcesBuildPhase;
			buildActionMask = 2147483647;
			files = (
				BFE915231FE673AF00640930 /* LaunchScreen.storyboard in Resources */,
				BFE915201FE673AF00640930 /* Assets.xcassets in Resources */,
				BFE9151E1FE673AF00640930 /* Main.storyboard in Resources */,
			);
			runOnlyForDeploymentPostprocessing = 0;
		};
		BFE915311FE6771400640930 /* Resources */ = {
			isa = PBXResourcesBuildPhase;
			buildActionMask = 2147483647;
			files = (
			);
			runOnlyForDeploymentPostprocessing = 0;
		};
/* End PBXResourcesBuildPhase section */

/* Begin PBXSourcesBuildPhase section */
		BFE9150F1FE673AF00640930 /* Sources */ = {
			isa = PBXSourcesBuildPhase;
			buildActionMask = 2147483647;
			files = (
				BFE9152E1FE673CB00640930 /* UIView+JER_Frame.m in Sources */,
				BF382CB321A6D2190029E7E0 /* JERClassInfo.m in Sources */,
				BF382CA421A562100029E7E0 /* NSDictionary+JER_Custom.m in Sources */,
				BFE9151B1FE673AF00640930 /* ViewController.m in Sources */,
				BF382C8C21A423070029E7E0 /* UIScrollView+JER_Custom.m in Sources */,
				BF382CA121A557A80029E7E0 /* NSArray+JER_Custom.m in Sources */,
				BF382C9E21A54D030029E7E0 /* NSObject+JERModel.m in Sources */,
				BF382C8221A423070029E7E0 /* JERCGUtilities.m in Sources */,
				BFB14D7C21BF526B007B211D /* JERKVStorage.m in Sources */,
				BF382C8F21A433220029E7E0 /* UIApplication+JER_Custom.m in Sources */,
				BF382C8A21A423070029E7E0 /* UIFont+JER_Custom.m in Sources */,
				BFB14D8221BF52B7007B211D /* JERMemoryCache.m in Sources */,
				BF382C8621A423070029E7E0 /* UIView+JER_Custom.m in Sources */,
				BF382C8821A423070029E7E0 /* UIGestureRecognizer+JER_Custom.m in Sources */,
				BF382C8721A423070029E7E0 /* UITextField+JER_Custom.m in Sources */,
				BFB14D8521BF52C1007B211D /* JERCache.m in Sources */,
				BF382CAD21A65EA00029E7E0 /* TestObject.m in Sources */,
				BF382CAA21A58F7A0029E7E0 /* NSNotificationCenter+JER_Custom.m in Sources */,
				BF382C8121A423070029E7E0 /* UIDevice+JER_Custom.m in Sources */,
				BF382C8B21A423070029E7E0 /* UIScreen+JER_Custom.m in Sources */,
				BF382C9621A436880029E7E0 /* NSFileManager+MRD_Custom.m in Sources */,
				BF382C8521A423070029E7E0 /* UITableView+JER_Custom.m in Sources */,
				BF382C8921A423070029E7E0 /* UIImage+JER_Custom.m in Sources */,
				BF382CB021A6A3190029E7E0 /* NSThread+JER_Custom.m in Sources */,
				BF382C8321A423070029E7E0 /* UIBarButtonItem+JER_Custom.m in Sources */,
				BFE915261FE673AF00640930 /* main.m in Sources */,
				BFB14D7F21BF52A6007B211D /* JERDiskCache.m in Sources */,
				BF382C8421A423070029E7E0 /* UIControl+JER_Custom.m in Sources */,
				BF382C9221A433360029E7E0 /* UIBezierPath+JER_Custom.m in Sources */,
				BFE915181FE673AF00640930 /* AppDelegate.m in Sources */,
				BF382CA721A57ACD0029E7E0 /* NSDate+JER_Custom.m in Sources */,
			);
			runOnlyForDeploymentPostprocessing = 0;
		};
		BFE9152F1FE6771400640930 /* Sources */ = {
			isa = PBXSourcesBuildPhase;
			buildActionMask = 2147483647;
			files = (
				BFE915361FE6771400640930 /* JERFrameTests.m in Sources */,
			);
			runOnlyForDeploymentPostprocessing = 0;
		};
/* End PBXSourcesBuildPhase section */

/* Begin PBXTargetDependency section */
		BFE915391FE6771400640930 /* PBXTargetDependency */ = {
			isa = PBXTargetDependency;
			target = BFE915121FE673AF00640930 /* JERFrame */;
			targetProxy = BFE915381FE6771400640930 /* PBXContainerItemProxy */;
		};
/* End PBXTargetDependency section */

/* Begin PBXVariantGroup section */
		BFE9151C1FE673AF00640930 /* Main.storyboard */ = {
			isa = PBXVariantGroup;
			children = (
				BFE9151D1FE673AF00640930 /* Base */,
			);
			name = Main.storyboard;
			sourceTree = "<group>";
		};
		BFE915211FE673AF00640930 /* LaunchScreen.storyboard */ = {
			isa = PBXVariantGroup;
			children = (
				BFE915221FE673AF00640930 /* Base */,
			);
			name = LaunchScreen.storyboard;
			sourceTree = "<group>";
		};
/* End PBXVariantGroup section */

/* Begin XCBuildConfiguration section */
		BFE915271FE673AF00640930 /* Debug */ = {
			isa = XCBuildConfiguration;
			buildSettings = {
				ALWAYS_SEARCH_USER_PATHS = NO;
				CLANG_ANALYZER_NONNULL = YES;
				CLANG_ANALYZER_NUMBER_OBJECT_CONVERSION = YES_AGGRESSIVE;
				CLANG_CXX_LANGUAGE_STANDARD = "gnu++14";
				CLANG_CXX_LIBRARY = "libc++";
				CLANG_ENABLE_MODULES = YES;
				CLANG_ENABLE_OBJC_ARC = YES;
				CLANG_WARN_BLOCK_CAPTURE_AUTORELEASING = YES;
				CLANG_WARN_BOOL_CONVERSION = YES;
				CLANG_WARN_COMMA = YES;
				CLANG_WARN_CONSTANT_CONVERSION = YES;
				CLANG_WARN_DIRECT_OBJC_ISA_USAGE = YES_ERROR;
				CLANG_WARN_DOCUMENTATION_COMMENTS = YES;
				CLANG_WARN_EMPTY_BODY = YES;
				CLANG_WARN_ENUM_CONVERSION = YES;
				CLANG_WARN_INFINITE_RECURSION = YES;
				CLANG_WARN_INT_CONVERSION = YES;
				CLANG_WARN_NON_LITERAL_NULL_CONVERSION = YES;
				CLANG_WARN_OBJC_LITERAL_CONVERSION = YES;
				CLANG_WARN_OBJC_ROOT_CLASS = YES_ERROR;
				CLANG_WARN_RANGE_LOOP_ANALYSIS = YES;
				CLANG_WARN_STRICT_PROTOTYPES = YES;
				CLANG_WARN_SUSPICIOUS_MOVE = YES;
				CLANG_WARN_UNGUARDED_AVAILABILITY = YES_AGGRESSIVE;
				CLANG_WARN_UNREACHABLE_CODE = YES;
				CLANG_WARN__DUPLICATE_METHOD_MATCH = YES;
				CODE_SIGN_IDENTITY = "iPhone Developer";
				COPY_PHASE_STRIP = NO;
				DEBUG_INFORMATION_FORMAT = dwarf;
				ENABLE_STRICT_OBJC_MSGSEND = YES;
				ENABLE_TESTABILITY = YES;
				GCC_C_LANGUAGE_STANDARD = gnu11;
				GCC_DYNAMIC_NO_PIC = NO;
				GCC_NO_COMMON_BLOCKS = YES;
				GCC_OPTIMIZATION_LEVEL = 0;
				GCC_PREPROCESSOR_DEFINITIONS = (
					"DEBUG=1",
					"$(inherited)",
				);
				GCC_WARN_64_TO_32_BIT_CONVERSION = YES;
				GCC_WARN_ABOUT_RETURN_TYPE = YES_ERROR;
				GCC_WARN_UNDECLARED_SELECTOR = YES;
				GCC_WARN_UNINITIALIZED_AUTOS = YES_AGGRESSIVE;
				GCC_WARN_UNUSED_FUNCTION = YES;
				GCC_WARN_UNUSED_VARIABLE = YES;
				IPHONEOS_DEPLOYMENT_TARGET = 11.2;
				MTL_ENABLE_DEBUG_INFO = YES;
				ONLY_ACTIVE_ARCH = YES;
				SDKROOT = iphoneos;
			};
			name = Debug;
		};
		BFE915281FE673AF00640930 /* Release */ = {
			isa = XCBuildConfiguration;
			buildSettings = {
				ALWAYS_SEARCH_USER_PATHS = NO;
				CLANG_ANALYZER_NONNULL = YES;
				CLANG_ANALYZER_NUMBER_OBJECT_CONVERSION = YES_AGGRESSIVE;
				CLANG_CXX_LANGUAGE_STANDARD = "gnu++14";
				CLANG_CXX_LIBRARY = "libc++";
				CLANG_ENABLE_MODULES = YES;
				CLANG_ENABLE_OBJC_ARC = YES;
				CLANG_WARN_BLOCK_CAPTURE_AUTORELEASING = YES;
				CLANG_WARN_BOOL_CONVERSION = YES;
				CLANG_WARN_COMMA = YES;
				CLANG_WARN_CONSTANT_CONVERSION = YES;
				CLANG_WARN_DIRECT_OBJC_ISA_USAGE = YES_ERROR;
				CLANG_WARN_DOCUMENTATION_COMMENTS = YES;
				CLANG_WARN_EMPTY_BODY = YES;
				CLANG_WARN_ENUM_CONVERSION = YES;
				CLANG_WARN_INFINITE_RECURSION = YES;
				CLANG_WARN_INT_CONVERSION = YES;
				CLANG_WARN_NON_LITERAL_NULL_CONVERSION = YES;
				CLANG_WARN_OBJC_LITERAL_CONVERSION = YES;
				CLANG_WARN_OBJC_ROOT_CLASS = YES_ERROR;
				CLANG_WARN_RANGE_LOOP_ANALYSIS = YES;
				CLANG_WARN_STRICT_PROTOTYPES = YES;
				CLANG_WARN_SUSPICIOUS_MOVE = YES;
				CLANG_WARN_UNGUARDED_AVAILABILITY = YES_AGGRESSIVE;
				CLANG_WARN_UNREACHABLE_CODE = YES;
				CLANG_WARN__DUPLICATE_METHOD_MATCH = YES;
				CODE_SIGN_IDENTITY = "iPhone Developer";
				COPY_PHASE_STRIP = NO;
				DEBUG_INFORMATION_FORMAT = "dwarf-with-dsym";
				ENABLE_NS_ASSERTIONS = NO;
				ENABLE_STRICT_OBJC_MSGSEND = YES;
				GCC_C_LANGUAGE_STANDARD = gnu11;
				GCC_NO_COMMON_BLOCKS = YES;
				GCC_WARN_64_TO_32_BIT_CONVERSION = YES;
				GCC_WARN_ABOUT_RETURN_TYPE = YES_ERROR;
				GCC_WARN_UNDECLARED_SELECTOR = YES;
				GCC_WARN_UNINITIALIZED_AUTOS = YES_AGGRESSIVE;
				GCC_WARN_UNUSED_FUNCTION = YES;
				GCC_WARN_UNUSED_VARIABLE = YES;
				IPHONEOS_DEPLOYMENT_TARGET = 11.2;
				MTL_ENABLE_DEBUG_INFO = NO;
				SDKROOT = iphoneos;
				VALIDATE_PRODUCT = YES;
			};
			name = Release;
		};
		BFE9152A1FE673AF00640930 /* Debug */ = {
			isa = XCBuildConfiguration;
			buildSettings = {
				ASSETCATALOG_COMPILER_APPICON_NAME = AppIcon;
				CODE_SIGN_STYLE = Automatic;
				DEVELOPMENT_TEAM = ZTDW2TJS7T;
				INFOPLIST_FILE = JERFrame/Info.plist;
				LD_RUNPATH_SEARCH_PATHS = "$(inherited) @executable_path/Frameworks";
				PRODUCT_BUNDLE_IDENTIFIER = com.Jer.JERFrame;
				PRODUCT_NAME = "$(TARGET_NAME)";
				TARGETED_DEVICE_FAMILY = "1,2";
			};
			name = Debug;
		};
		BFE9152B1FE673AF00640930 /* Release */ = {
			isa = XCBuildConfiguration;
			buildSettings = {
				ASSETCATALOG_COMPILER_APPICON_NAME = AppIcon;
				CODE_SIGN_STYLE = Automatic;
				DEVELOPMENT_TEAM = ZTDW2TJS7T;
				INFOPLIST_FILE = JERFrame/Info.plist;
				LD_RUNPATH_SEARCH_PATHS = "$(inherited) @executable_path/Frameworks";
				PRODUCT_BUNDLE_IDENTIFIER = com.Jer.JERFrame;
				PRODUCT_NAME = "$(TARGET_NAME)";
				TARGETED_DEVICE_FAMILY = "1,2";
			};
			name = Release;
		};
		BFE9153B1FE6771400640930 /* Debug */ = {
			isa = XCBuildConfiguration;
			buildSettings = {
				BUNDLE_LOADER = "$(TEST_HOST)";
				CODE_SIGN_STYLE = Automatic;
				INFOPLIST_FILE = JERFrameTests/Info.plist;
				LD_RUNPATH_SEARCH_PATHS = "$(inherited) @executable_path/Frameworks @loader_path/Frameworks";
				PRODUCT_BUNDLE_IDENTIFIER = com.Jer.JERFrameTests;
				PRODUCT_NAME = "$(TARGET_NAME)";
				TARGETED_DEVICE_FAMILY = "1,2";
				TEST_HOST = "$(BUILT_PRODUCTS_DIR)/JERFrame.app/JERFrame";
			};
			name = Debug;
		};
		BFE9153C1FE6771400640930 /* Release */ = {
			isa = XCBuildConfiguration;
			buildSettings = {
				BUNDLE_LOADER = "$(TEST_HOST)";
				CODE_SIGN_STYLE = Automatic;
				INFOPLIST_FILE = JERFrameTests/Info.plist;
				LD_RUNPATH_SEARCH_PATHS = "$(inherited) @executable_path/Frameworks @loader_path/Frameworks";
				PRODUCT_BUNDLE_IDENTIFIER = com.Jer.JERFrameTests;
				PRODUCT_NAME = "$(TARGET_NAME)";
				TARGETED_DEVICE_FAMILY = "1,2";
				TEST_HOST = "$(BUILT_PRODUCTS_DIR)/JERFrame.app/JERFrame";
			};
			name = Release;
		};
/* End XCBuildConfiguration section */

/* Begin XCConfigurationList section */
		BFE9150E1FE673AE00640930 /* Build configuration list for PBXProject "JERFrame" */ = {
			isa = XCConfigurationList;
			buildConfigurations = (
				BFE915271FE673AF00640930 /* Debug */,
				BFE915281FE673AF00640930 /* Release */,
			);
			defaultConfigurationIsVisible = 0;
			defaultConfigurationName = Release;
		};
		BFE915291FE673AF00640930 /* Build configuration list for PBXNativeTarget "JERFrame" */ = {
			isa = XCConfigurationList;
			buildConfigurations = (
				BFE9152A1FE673AF00640930 /* Debug */,
				BFE9152B1FE673AF00640930 /* Release */,
			);
			defaultConfigurationIsVisible = 0;
			defaultConfigurationName = Release;
		};
		BFE9153A1FE6771400640930 /* Build configuration list for PBXNativeTarget "JERFrameTests" */ = {
			isa = XCConfigurationList;
			buildConfigurations = (
				BFE9153B1FE6771400640930 /* Debug */,
				BFE9153C1FE6771400640930 /* Release */,
			);
			defaultConfigurationIsVisible = 0;
			defaultConfigurationName = Release;
		};
/* End XCConfigurationList section */
	};
	rootObject = BFE9150B1FE673AE00640930 /* Project object */;
}
